// !$*UTF8*$!
{
	archiveVersion = 1;
	classes = {
	};
	objectVersion = 77;
	objects = {

/* Begin PBXBuildFile section */
		01CAC5E2DFA9ED53CFD4A073 /* Loggers.swift in Sources */ = {isa = PBXBuildFile; fileRef = D343E4AB2CCAE1B154174EB7 /* Loggers.swift */; };
		042BBCEE73C41184F4315869 /* AwakeApp.swift in Sources */ = {isa = PBXBuildFile; fileRef = C1F7175870746206A87BB270 /* AwakeApp.swift */; };
		0E672F048800C31A3D5AE033 /* Sparkle in Frameworks */ = {isa = PBXBuildFile; productRef = C4844637F40BC605F73B8E89 /* Sparkle */; };
		169E01237D4B79B26AEE7467 /* KeepAwakeSessionsManager.swift in Sources */ = {isa = PBXBuildFile; fileRef = 654324F3B979B1A0A5F3AB70 /* KeepAwakeSessionsManager.swift */; };
		3F3274AEEB55DC58E7F98D1E /* RacetrackRingShape.swift in Sources */ = {isa = PBXBuildFile; fileRef = B4EF3620E633245E79E20C6C /* RacetrackRingShape.swift */; };
		79617B882D7AC8169859CB48 /* AwakeURL.swift in Sources */ = {isa = PBXBuildFile; fileRef = B3E99FDC03B64C5488921BEE /* AwakeURL.swift */; };
		88B2C68C45820F6D607FD412 /* KeepAwakeSession.swift in Sources */ = {isa = PBXBuildFile; fileRef = B05051B20A7D8E7B8156F6FF /* KeepAwakeSession.swift */; };
		AAE49AE672665151DCDCDEB5 /* KeepAwakeSessionList.swift in Sources */ = {isa = PBXBuildFile; fileRef = D24229F6B94BA7152BE75C87 /* KeepAwakeSessionList.swift */; };
		ADACCFB7A29AE24D9D9282CE /* MenuContentView.swift in Sources */ = {isa = PBXBuildFile; fileRef = 6015A18E2144135C9AC6755A /* MenuContentView.swift */; };
		B556F6C4CD651532A65CA2C5 /* AppUpdater.swift in Sources */ = {isa = PBXBuildFile; fileRef = 9482ACA4B216F7569178C208 /* AppUpdater.swift */; };
		CFE99FE0E928107601DC56C3 /* AwakeAppDelegate.swift in Sources */ = {isa = PBXBuildFile; fileRef = CD404E0C2F222C06D30F5EA9 /* AwakeAppDelegate.swift */; };
		DA56433FF8804AF307BAD39F /* Components.swift in Sources */ = {isa = PBXBuildFile; fileRef = D2FFEBCD2404F2EFA6E3D9C2 /* Components.swift */; };
		E08373E986745F6BDE3FEE7B /* ButtonStyles.swift in Sources */ = {isa = PBXBuildFile; fileRef = 01EB4FFF4D777B5EA61C7AA8 /* ButtonStyles.swift */; };
		E68E935360AFA33BBED04FEB /* DesignTokens.swift in Sources */ = {isa = PBXBuildFile; fileRef = C65AF532B636F02E38E5B4C8 /* DesignTokens.swift */; };
		F45638532E1B70E5405B4634 /* ExternalKeepAwakeSession.swift in Sources */ = {isa = PBXBuildFile; fileRef = CFB4BCFAB3D13D24168DE8DD /* ExternalKeepAwakeSession.swift */; };
/* End PBXBuildFile section */

/* Begin PBXFileReference section */
		01EB4FFF4D777B5EA61C7AA8 /* ButtonStyles.swift */ = {isa = PBXFileReference; lastKnownFileType = sourcecode.swift; path = ButtonStyles.swift; sourceTree = "<group>"; };
		3C3D714A2F6272D9003EBF64 /* DesignTokens.xcassets */ = {isa = PBXFileReference; lastKnownFileType = folder.assetcatalog; path = DesignTokens.xcassets; sourceTree = "<group>"; };
		6015A18E2144135C9AC6755A /* MenuContentView.swift */ = {isa = PBXFileReference; lastKnownFileType = sourcecode.swift; path = MenuContentView.swift; sourceTree = "<group>"; };
		654324F3B979B1A0A5F3AB70 /* KeepAwakeSessionsManager.swift */ = {isa = PBXFileReference; lastKnownFileType = sourcecode.swift; path = KeepAwakeSessionsManager.swift; sourceTree = "<group>"; };
		7E65A836CC9F4D759239465E /* Awake.app */ = {isa = PBXFileReference; explicitFileType = wrapper.application; includeInIndex = 0; path = Awake.app; sourceTree = BUILT_PRODUCTS_DIR; };
		9482ACA4B216F7569178C208 /* AppUpdater.swift */ = {isa = PBXFileReference; lastKnownFileType = sourcecode.swift; path = AppUpdater.swift; sourceTree = "<group>"; };
		B05051B20A7D8E7B8156F6FF /* KeepAwakeSession.swift */ = {isa = PBXFileReference; lastKnownFileType = sourcecode.swift; path = KeepAwakeSession.swift; sourceTree = "<group>"; };
		B3E99FDC03B64C5488921BEE /* AwakeURL.swift */ = {isa = PBXFileReference; lastKnownFileType = sourcecode.swift; path = AwakeURL.swift; sourceTree = "<group>"; };
		B4EF3620E633245E79E20C6C /* RacetrackRingShape.swift */ = {isa = PBXFileReference; lastKnownFileType = sourcecode.swift; path = RacetrackRingShape.swift; sourceTree = "<group>"; };
		C1F7175870746206A87BB270 /* AwakeApp.swift */ = {isa = PBXFileReference; lastKnownFileType = sourcecode.swift; path = AwakeApp.swift; sourceTree = "<group>"; };
		C65AF532B636F02E38E5B4C8 /* DesignTokens.swift */ = {isa = PBXFileReference; lastKnownFileType = sourcecode.swift; path = DesignTokens.swift; sourceTree = "<group>"; };
		CD404E0C2F222C06D30F5EA9 /* AwakeAppDelegate.swift */ = {isa = PBXFileReference; lastKnownFileType = sourcecode.swift; path = AwakeAppDelegate.swift; sourceTree = "<group>"; };
		CFB4BCFAB3D13D24168DE8DD /* ExternalKeepAwakeSession.swift */ = {isa = PBXFileReference; lastKnownFileType = sourcecode.swift; path = ExternalKeepAwakeSession.swift; sourceTree = "<group>"; };
		D24229F6B94BA7152BE75C87 /* KeepAwakeSessionList.swift */ = {isa = PBXFileReference; lastKnownFileType = sourcecode.swift; path = KeepAwakeSessionList.swift; sourceTree = "<group>"; };
		D2FFEBCD2404F2EFA6E3D9C2 /* Components.swift */ = {isa = PBXFileReference; lastKnownFileType = sourcecode.swift; path = Components.swift; sourceTree = "<group>"; };
		D343E4AB2CCAE1B154174EB7 /* Loggers.swift */ = {isa = PBXFileReference; lastKnownFileType = sourcecode.swift; path = Loggers.swift; sourceTree = "<group>"; };
/* End PBXFileReference section */

/* Begin PBXFrameworksBuildPhase section */
		69309D5C0E7A8FFE93A46B39 /* Frameworks */ = {
			isa = PBXFrameworksBuildPhase;
			buildActionMask = 2147483647;
			files = (
				0E672F048800C31A3D5AE033 /* Sparkle in Frameworks */,
			);
			runOnlyForDeploymentPostprocessing = 0;
		};
/* End PBXFrameworksBuildPhase section */

/* Begin PBXGroup section */
		389B8C79E91B8755C3588877 /* Views */ = {
			isa = PBXGroup;
			children = (
				D2FFEBCD2404F2EFA6E3D9C2 /* Components.swift */,
				6015A18E2144135C9AC6755A /* MenuContentView.swift */,
			);
			path = Views;
			sourceTree = "<group>";
		};
		4CAD08AAE9661A2676432290 = {
			isa = PBXGroup;
			children = (
				3C3D714A2F6272D9003EBF64 /* DesignTokens.xcassets */,
				FBB66834F62A194CDB151774 /* Awake */,
				5A4047060AC251309745CC34 /* Products */,
			);
			sourceTree = "<group>";
		};
		52F12F26B5A4F11629AF2B9D /* Sessions */ = {
			isa = PBXGroup;
			children = (
				CFB4BCFAB3D13D24168DE8DD /* ExternalKeepAwakeSession.swift */,
				B05051B20A7D8E7B8156F6FF /* KeepAwakeSession.swift */,
				D24229F6B94BA7152BE75C87 /* KeepAwakeSessionList.swift */,
				654324F3B979B1A0A5F3AB70 /* KeepAwakeSessionsManager.swift */,
			);
			path = Sessions;
			sourceTree = "<group>";
		};
		5A4047060AC251309745CC34 /* Products */ = {
			isa = PBXGroup;
			children = (
				7E65A836CC9F4D759239465E /* Awake.app */,
			);
			name = Products;
			sourceTree = "<group>";
		};
		60610DB58BDF1CC82A77E52D /* Logging */ = {
			isa = PBXGroup;
			children = (
				D343E4AB2CCAE1B154174EB7 /* Loggers.swift */,
			);
			path = Logging;
			sourceTree = "<group>";
		};
		AD10E05E88963F1CF82BE0CE /* Theme */ = {
			isa = PBXGroup;
			children = (
				01EB4FFF4D777B5EA61C7AA8 /* ButtonStyles.swift */,
				C65AF532B636F02E38E5B4C8 /* DesignTokens.swift */,
			);
			path = Theme;
			sourceTree = "<group>";
		};
		FBB66834F62A194CDB151774 /* Awake */ = {
			isa = PBXGroup;
			children = (
				9482ACA4B216F7569178C208 /* AppUpdater.swift */,
				C1F7175870746206A87BB270 /* AwakeApp.swift */,
				CD404E0C2F222C06D30F5EA9 /* AwakeAppDelegate.swift */,
				B3E99FDC03B64C5488921BEE /* AwakeURL.swift */,
				B4EF3620E633245E79E20C6C /* RacetrackRingShape.swift */,
				60610DB58BDF1CC82A77E52D /* Logging */,
				52F12F26B5A4F11629AF2B9D /* Sessions */,
				AD10E05E88963F1CF82BE0CE /* Theme */,
				389B8C79E91B8755C3588877 /* Views */,
			);
			name = Awake;
			path = Sources/Awake;
			sourceTree = "<group>";
		};
/* End PBXGroup section */

/* Begin PBXNativeTarget section */
		85435FD7247D379480ECAC14 /* Awake */ = {
			isa = PBXNativeTarget;
			buildConfigurationList = 344EBF1C64FEF357DF5FAB44 /* Build configuration list for PBXNativeTarget "Awake" */;
			buildPhases = (
				49A1AC8B8E84C4EF3CE2F1B3 /* Sources */,
				69309D5C0E7A8FFE93A46B39 /* Frameworks */,
			);
			buildRules = (
			);
			dependencies = (
			);
			name = Awake;
			packageProductDependencies = (
				C4844637F40BC605F73B8E89 /* Sparkle */,
			);
			productName = Awake;
			productReference = 7E65A836CC9F4D759239465E /* Awake.app */;
			productType = "com.apple.product-type.application";
		};
/* End PBXNativeTarget section */

/* Begin PBXProject section */
		23B9A3829AC0D983FC55D916 /* Project object */ = {
			isa = PBXProject;
			attributes = {
				BuildIndependentTargetsInParallel = YES;
				LastUpgradeCheck = 1430;
				TargetAttributes = {
					85435FD7247D379480ECAC14 = {
						ProvisioningStyle = Manual;
					};
				};
			};
			buildConfigurationList = 244F6E28F5BF821B23D22617 /* Build configuration list for PBXProject "Awake" */;
			developmentRegion = en;
			hasScannedForEncodings = 0;
			knownRegions = (
				Base,
				en,
			);
			mainGroup = 4CAD08AAE9661A2676432290;
			minimizedProjectReferenceProxies = 1;
			packageReferences = (
				B46898D66860404A3C2A9DAF /* XCRemoteSwiftPackageReference "Sparkle" */,
			);
			preferredProjectObjectVersion = 77;
			productRefGroup = 5A4047060AC251309745CC34 /* Products */;
			projectDirPath = "";
			projectRoot = "";
			targets = (
				85435FD7247D379480ECAC14 /* Awake */,
			);
		};
/* End PBXProject section */

/* Begin PBXSourcesBuildPhase section */
		49A1AC8B8E84C4EF3CE2F1B3 /* Sources */ = {
			isa = PBXSourcesBuildPhase;
			buildActionMask = 2147483647;
			files = (
				B556F6C4CD651532A65CA2C5 /* AppUpdater.swift in Sources */,
				042BBCEE73C41184F4315869 /* AwakeApp.swift in Sources */,
				CFE99FE0E928107601DC56C3 /* AwakeAppDelegate.swift in Sources */,
				79617B882D7AC8169859CB48 /* AwakeURL.swift in Sources */,
				E08373E986745F6BDE3FEE7B /* ButtonStyles.swift in Sources */,
				DA56433FF8804AF307BAD39F /* Components.swift in Sources */,
				F45638532E1B70E5405B4634 /* ExternalKeepAwakeSession.swift in Sources */,
				88B2C68C45820F6D607FD412 /* KeepAwakeSession.swift in Sources */,
				AAE49AE672665151DCDCDEB5 /* KeepAwakeSessionList.swift in Sources */,
				169E01237D4B79B26AEE7467 /* KeepAwakeSessionsManager.swift in Sources */,
				01CAC5E2DFA9ED53CFD4A073 /* Loggers.swift in Sources */,
				ADACCFB7A29AE24D9D9282CE /* MenuContentView.swift in Sources */,
				3F3274AEEB55DC58E7F98D1E /* RacetrackRingShape.swift in Sources */,
				E68E935360AFA33BBED04FEB /* DesignTokens.swift in Sources */,
			);
			runOnlyForDeploymentPostprocessing = 0;
		};
/* End PBXSourcesBuildPhase section */

/* Begin XCBuildConfiguration section */
		3AB8763EA92C19EDE60ED98A /* Debug */ = {
			isa = XCBuildConfiguration;
			buildSettings = {
				ASSETCATALOG_COMPILER_APPICON_NAME = AppIcon;
				CODE_SIGN_ENTITLEMENTS = Awake.entitlements;
				COMBINE_HIDPI_IMAGES = YES;
				ENABLE_PREVIEWS = YES;
				INFOPLIST_FILE = Resources/Info.plist;
				LD_RUNPATH_SEARCH_PATHS = (
					"$(inherited)",
					"@executable_path/../Frameworks",
				);
				MACOSX_DEPLOYMENT_TARGET = 15.0;
				SDKROOT = macosx;
			};
			name = Debug;
		};
		96B951669FA963E0C761ACA8 /* Release */ = {
			isa = XCBuildConfiguration;
			buildSettings = {
				ASSETCATALOG_COMPILER_APPICON_NAME = AppIcon;
				CODE_SIGN_ENTITLEMENTS = Awake.entitlements;
				COMBINE_HIDPI_IMAGES = YES;
				ENABLE_PREVIEWS = YES;
				INFOPLIST_FILE = Resources/Info.plist;
				LD_RUNPATH_SEARCH_PATHS = (
					"$(inherited)",
					"@executable_path/../Frameworks",
				);
				MACOSX_DEPLOYMENT_TARGET = 15.0;
				SDKROOT = macosx;
			};
			name = Release;
		};
		973C6B1EE1C40A4EA7B36D91 /* Debug */ = {
			isa = XCBuildConfiguration;
			buildSettings = {
				ALWAYS_SEARCH_USER_PATHS = NO;
				ARCHS = arm64;
				CLANG_ANALYZER_NONNULL = YES;
				CLANG_ANALYZER_NUMBER_OBJECT_CONVERSION = YES_AGGRESSIVE;
				CLANG_CXX_LANGUAGE_STANDARD = "gnu++14";
				CLANG_CXX_LIBRARY = "libc++";
				CLANG_ENABLE_MODULES = YES;
				CLANG_ENABLE_OBJC_ARC = YES;
				CLANG_ENABLE_OBJC_WEAK = YES;
				CLANG_WARN_BLOCK_CAPTURE_AUTORELEASING = YES;
				CLANG_WARN_BOOL_CONVERSION = YES;
				CLANG_WARN_COMMA = YES;
				CLANG_WARN_CONSTANT_CONVERSION = YES;
				CLANG_WARN_DEPRECATED_OBJC_IMPLEMENTATIONS = YES;
				CLANG_WARN_DIRECT_OBJC_ISA_USAGE = YES_ERROR;
				CLANG_WARN_DOCUMENTATION_COMMENTS = YES;
				CLANG_WARN_EMPTY_BODY = YES;
				CLANG_WARN_ENUM_CONVERSION = YES;
				CLANG_WARN_INFINITE_RECURSION = YES;
				CLANG_WARN_INT_CONVERSION = YES;
				CLANG_WARN_NON_LITERAL_NULL_CONVERSION = YES;
				CLANG_WARN_OBJC_IMPLICIT_RETAIN_SELF = YES;
				CLANG_WARN_OBJC_LITERAL_CONVERSION = YES;
				CLANG_WARN_OBJC_ROOT_CLASS = YES_ERROR;
				CLANG_WARN_QUOTED_INCLUDE_IN_FRAMEWORK_HEADER = YES;
				CLANG_WARN_RANGE_LOOP_ANALYSIS = YES;
				CLANG_WARN_STRICT_PROTOTYPES = YES;
				CLANG_WARN_SUSPICIOUS_MOVE = YES;
				CLANG_WARN_UNGUARDED_AVAILABILITY = YES_AGGRESSIVE;
				CLANG_WARN_UNREACHABLE_CODE = YES;
				CLANG_WARN__DUPLICATE_METHOD_MATCH = YES;
				CODE_SIGN_IDENTITY = "-";
				CODE_SIGN_STYLE = Manual;
				COPY_PHASE_STRIP = NO;
				CURRENT_PROJECT_VERSION = 1;
				DEBUG_INFORMATION_FORMAT = dwarf;
				ENABLE_HARDENED_RUNTIME = NO;
				ENABLE_STRICT_OBJC_MSGSEND = YES;
				ENABLE_TESTABILITY = YES;
				GCC_C_LANGUAGE_STANDARD = gnu11;
				GCC_DYNAMIC_NO_PIC = NO;
				GCC_NO_COMMON_BLOCKS = YES;
				GCC_OPTIMIZATION_LEVEL = 0;
				GCC_PREPROCESSOR_DEFINITIONS = (
					"$(inherited)",
					"DEBUG=1",
				);
				GCC_WARN_64_TO_32_BIT_CONVERSION = YES;
				GCC_WARN_ABOUT_RETURN_TYPE = YES_ERROR;
				GCC_WARN_UNDECLARED_SELECTOR = YES;
				GCC_WARN_UNINITIALIZED_AUTOS = YES_AGGRESSIVE;
				GCC_WARN_UNUSED_FUNCTION = YES;
				GCC_WARN_UNUSED_VARIABLE = YES;
				MACOSX_DEPLOYMENT_TARGET = 15.0;
				MARKETING_VERSION = 1.0.0;
				MTL_ENABLE_DEBUG_INFO = INCLUDE_SOURCE;
				MTL_FAST_MATH = YES;
				ONLY_ACTIVE_ARCH = YES;
				PRODUCT_BUNDLE_IDENTIFIER = com.happycodelucky.apps.awake;
				PRODUCT_NAME = Awake;
				SDKROOT = macosx;
				SWIFT_ACTIVE_COMPILATION_CONDITIONS = DEBUG;
				SWIFT_OPTIMIZATION_LEVEL = "-Onone";
				SWIFT_STRICT_CONCURRENCY = complete;
				SWIFT_VERSION = 6.0;
				VALID_ARCHS = arm64;
			};
			name = Debug;
		};
		F83C5DB031B5071169E1C4F1 /* Release */ = {
			isa = XCBuildConfiguration;
			buildSettings = {
				ALWAYS_SEARCH_USER_PATHS = NO;
				ARCHS = arm64;
				CLANG_ANALYZER_NONNULL = YES;
				CLANG_ANALYZER_NUMBER_OBJECT_CONVERSION = YES_AGGRESSIVE;
				CLANG_CXX_LANGUAGE_STANDARD = "gnu++14";
				CLANG_CXX_LIBRARY = "libc++";
				CLANG_ENABLE_MODULES = YES;
				CLANG_ENABLE_OBJC_ARC = YES;
				CLANG_ENABLE_OBJC_WEAK = YES;
				CLANG_WARN_BLOCK_CAPTURE_AUTORELEASING = YES;
				CLANG_WARN_BOOL_CONVERSION = YES;
				CLANG_WARN_COMMA = YES;
				CLANG_WARN_CONSTANT_CONVERSION = YES;
				CLANG_WARN_DEPRECATED_OBJC_IMPLEMENTATIONS = YES;
				CLANG_WARN_DIRECT_OBJC_ISA_USAGE = YES_ERROR;
				CLANG_WARN_DOCUMENTATION_COMMENTS = YES;
				CLANG_WARN_EMPTY_BODY = YES;
				CLANG_WARN_ENUM_CONVERSION = YES;
				CLANG_WARN_INFINITE_RECURSION = YES;
				CLANG_WARN_INT_CONVERSION = YES;
				CLANG_WARN_NON_LITERAL_NULL_CONVERSION = YES;
				CLANG_WARN_OBJC_IMPLICIT_RETAIN_SELF = YES;
				CLANG_WARN_OBJC_LITERAL_CONVERSION = YES;
				CLANG_WARN_OBJC_ROOT_CLASS = YES_ERROR;
				CLANG_WARN_QUOTED_INCLUDE_IN_FRAMEWORK_HEADER = YES;
				CLANG_WARN_RANGE_LOOP_ANALYSIS = YES;
				CLANG_WARN_STRICT_PROTOTYPES = YES;
				CLANG_WARN_SUSPICIOUS_MOVE = YES;
				CLANG_WARN_UNGUARDED_AVAILABILITY = YES_AGGRESSIVE;
				CLANG_WARN_UNREACHABLE_CODE = YES;
				CLANG_WARN__DUPLICATE_METHOD_MATCH = YES;
				CODE_SIGN_IDENTITY = "-";
				CODE_SIGN_STYLE = Manual;
				COPY_PHASE_STRIP = NO;
				CURRENT_PROJECT_VERSION = 1;
				DEAD_CODE_STRIPPING = YES;
				DEBUG_INFORMATION_FORMAT = "dwarf-with-dsym";
				ENABLE_HARDENED_RUNTIME = NO;
				ENABLE_NS_ASSERTIONS = NO;
				ENABLE_STRICT_OBJC_MSGSEND = YES;
				GCC_C_LANGUAGE_STANDARD = gnu11;
				GCC_NO_COMMON_BLOCKS = YES;
				GCC_WARN_64_TO_32_BIT_CONVERSION = YES;
				GCC_WARN_ABOUT_RETURN_TYPE = YES_ERROR;
				GCC_WARN_UNDECLARED_SELECTOR = YES;
				GCC_WARN_UNINITIALIZED_AUTOS = YES_AGGRESSIVE;
				GCC_WARN_UNUSED_FUNCTION = YES;
				GCC_WARN_UNUSED_VARIABLE = YES;
				MACOSX_DEPLOYMENT_TARGET = 15.0;
				MARKETING_VERSION = 1.0.0;
				MTL_ENABLE_DEBUG_INFO = NO;
				MTL_FAST_MATH = YES;
				PRODUCT_BUNDLE_IDENTIFIER = com.happycodelucky.apps.awake;
				PRODUCT_NAME = Awake;
				SDKROOT = macosx;
				SWIFT_COMPILATION_MODE = wholemodule;
				SWIFT_OPTIMIZATION_LEVEL = "-O";
				SWIFT_STRICT_CONCURRENCY = complete;
				SWIFT_VERSION = 6.0;
				VALID_ARCHS = arm64;
			};
			name = Release;
		};
/* End XCBuildConfiguration section */

/* Begin XCConfigurationList section */
		244F6E28F5BF821B23D22617 /* Build configuration list for PBXProject "Awake" */ = {
			isa = XCConfigurationList;
			buildConfigurations = (
				973C6B1EE1C40A4EA7B36D91 /* Debug */,
				F83C5DB031B5071169E1C4F1 /* Release */,
			);
			defaultConfigurationIsVisible = 0;
			defaultConfigurationName = Debug;
		};
		344EBF1C64FEF357DF5FAB44 /* Build configuration list for PBXNativeTarget "Awake" */ = {
			isa = XCConfigurationList;
			buildConfigurations = (
				3AB8763EA92C19EDE60ED98A /* Debug */,
				96B951669FA963E0C761ACA8 /* Release */,
			);
			defaultConfigurationIsVisible = 0;
			defaultConfigurationName = Debug;
		};
/* End XCConfigurationList section */

/* Begin XCRemoteSwiftPackageReference section */
		B46898D66860404A3C2A9DAF /* XCRemoteSwiftPackageReference "Sparkle" */ = {
			isa = XCRemoteSwiftPackageReference;
			repositoryURL = "https://github.com/sparkle-project/Sparkle";
			requirement = {
				kind = exactVersion;
				version = 2.9.0;
			};
		};
/* End XCRemoteSwiftPackageReference section */

/* Begin XCSwiftPackageProductDependency section */
		C4844637F40BC605F73B8E89 /* Sparkle */ = {
			isa = XCSwiftPackageProductDependency;
			package = B46898D66860404A3C2A9DAF /* XCRemoteSwiftPackageReference "Sparkle" */;
			productName = Sparkle;
		};
/* End XCSwiftPackageProductDependency section */
	};
	rootObject = 23B9A3829AC0D983FC55D916 /* Project object */;
}
